
Microsoft Visual Studio Solution File, Format Version 12.00
# Visual Studio 15
VisualStudioVersion = 15.0.26730.0
MinimumVisualStudioVersion = 10.0.40219.1
Project("{FAE04EC0-301F-11D3-BF4B-00C04F79EFBC}") = "FileSearch", "FileSearch\FileSearch.csproj", "{73998BE6-C29D-4D87-9C1E-A2D29AA1DA5C}"
EndProject
Global
	GlobalSection(SolutionConfigurationPlatforms) = preSolution
		Debug|Any CPU = Debug|Any CPU
		Release|Any CPU = Release|Any CPU
	EndGlobalSection
	GlobalSection(ProjectConfigurationPlatforms) = postSolution
		{73998BE6-C29D-4D87-9C1E-A2D29AA1DA5C}.Debug|Any CPU.ActiveCfg = Debug|Any CPU
		{73998BE6-C29D-4D87-9C1E-A2D29AA1DA5C}.Debug|Any CPU.Build.0 = Debug|Any CPU
		{73998BE6-C29D-4D87-9C1E-A2D29AA1DA5C}.Release|Any CPU.ActiveCfg = Release|Any CPU
		{73998BE6-C29D-4D87-9C1E-A2D29AA1DA5C}.Release|Any CPU.Build.0 = Release|Any CPU
	EndGlobalSection
	GlobalSection(SolutionProperties) = preSolution
		HideSolutionNode = FALSE
	EndGlobalSection
	GlobalSection(ExtensibilityGlobals) = postSolution
		SolutionGuid = {DB76128F-4B14-49AC-BF41-691ED87C81CC}
	EndGlobalSection
EndGlobal
